
Microsoft Visual Studio Solution File, Format Version 12.00
# Visual Studio 2017
Project("{FAE04EC0-301F-11D3-BF4B-00C04F79EFBC}") = "FractalShooter", "FractalShooter.csproj", "{417AD623-F055-AA2F-2CD4-AA8F2EDA1700}"
EndProject
Project("{FAE04EC0-301F-11D3-BF4B-00C04F79EFBC}") = "FractalShooter.Plugins", "FractalShooter.Plugins.csproj", "{700D9B54-4A92-3E0A-AB27-A4E5F90A4B1E}"
EndProject
Project("{FAE04EC0-301F-11D3-BF4B-00C04F79EFBC}") = "FractalShooter.Editor", "FractalShooter.Editor.csproj", "{FC0002FC-9193-8155-23F4-57986D8B9A52}"
EndProject
Global
	GlobalSection(SolutionConfigurationPlatforms) = preSolution
		Debug|Any CPU = Debug|Any CPU
		Release|Any CPU = Release|Any CPU
	EndGlobalSection
	GlobalSection(ProjectConfigurationPlatforms) = postSolution
		{417AD623-F055-AA2F-2CD4-AA8F2EDA1700}.Debug|Any CPU.ActiveCfg = Debug|Any CPU
		{417AD623-F055-AA2F-2CD4-AA8F2EDA1700}.Debug|Any CPU.Build.0 = Debug|Any CPU
		{417AD623-F055-AA2F-2CD4-AA8F2EDA1700}.Release|Any CPU.ActiveCfg = Release|Any CPU
		{417AD623-F055-AA2F-2CD4-AA8F2EDA1700}.Release|Any CPU.Build.0 = Release|Any CPU
		{700D9B54-4A92-3E0A-AB27-A4E5F90A4B1E}.Debug|Any CPU.ActiveCfg = Debug|Any CPU
		{700D9B54-4A92-3E0A-AB27-A4E5F90A4B1E}.Debug|Any CPU.Build.0 = Debug|Any CPU
		{700D9B54-4A92-3E0A-AB27-A4E5F90A4B1E}.Release|Any CPU.ActiveCfg = Release|Any CPU
		{700D9B54-4A92-3E0A-AB27-A4E5F90A4B1E}.Release|Any CPU.Build.0 = Release|Any CPU
		{FC0002FC-9193-8155-23F4-57986D8B9A52}.Debug|Any CPU.ActiveCfg = Debug|Any CPU
		{FC0002FC-9193-8155-23F4-57986D8B9A52}.Debug|Any CPU.Build.0 = Debug|Any CPU
		{FC0002FC-9193-8155-23F4-57986D8B9A52}.Release|Any CPU.ActiveCfg = Release|Any CPU
		{FC0002FC-9193-8155-23F4-57986D8B9A52}.Release|Any CPU.Build.0 = Release|Any CPU
	EndGlobalSection
	GlobalSection(SolutionProperties) = preSolution
		HideSolutionNode = FALSE
	EndGlobalSection
EndGlobal
